// !$*UTF8*$!
{
	archiveVersion = 1;
	classes = {
	};
	objectVersion = 50;
	objects = {

/* Begin PBXBuildFile section */
		90079FCC29D310FF002243D4 /* utils.c in Sources */ = {isa = PBXBuildFile; fileRef = 90079FC529D310FF002243D4 /* utils.c */; };
		90079FCD29D310FF002243D4 /* hamming_codec.c in Sources */ = {isa = PBXBuildFile; fileRef = 90079FC629D310FF002243D4 /* hamming_codec.c */; };
		90079FCE29D310FF002243D4 /* bit_array.c in Sources */ = {isa = PBXBuildFile; fileRef = 90079FC829D310FF002243D4 /* bit_array.c */; };
		90079FCF29D310FF002243D4 /* main.c in Sources */ = {isa = PBXBuildFile; fileRef = 90079FCB29D310FF002243D4 /* main.c */; };
		90079FD229D314EB002243D4 /* ccitt_whitening.c in Sources */ = {isa = PBXBuildFile; fileRef = 90079FD029D314EB002243D4 /* ccitt_whitening.c */; };
/* End PBXBuildFile section */

/* Begin PBXCopyFilesBuildPhase section */
		90079FB029D0D951002243D4 /* CopyFiles */ = {
			isa = PBXCopyFilesBuildPhase;
			buildActionMask = 2147483647;
			dstPath = /usr/share/man/man1/;
			dstSubfolderSpec = 0;
			files = (
			);
			runOnlyForDeploymentPostprocessing = 1;
		};
		90A8473029D0B4E400C88EDC /* CopyFiles */ = {
			isa = PBXCopyFilesBuildPhase;
			buildActionMask = 2147483647;
			dstPath = /usr/share/man/man1/;
			dstSubfolderSpec = 0;
			files = (
			);
			runOnlyForDeploymentPostprocessing = 1;
		};
/* End PBXCopyFilesBuildPhase section */

/* Begin PBXFileReference section */
		90079F9D29D0C6E1002243D4 /* CMakeLists.txt */ = {isa = PBXFileReference; lastKnownFileType = text; name = CMakeLists.txt; path = test/CMakeLists.txt; sourceTree = "<group>"; };
		90079F9E29D0C734002243D4 /* LICENSE */ = {isa = PBXFileReference; lastKnownFileType = text; path = LICENSE; sourceTree = "<group>"; };
		90079F9F29D0C734002243D4 /* README.md */ = {isa = PBXFileReference; lastKnownFileType = net.daringfireball.markdown; path = README.md; sourceTree = "<group>"; };
		90079FA029D0C734002243D4 /* CMakeLists.txt */ = {isa = PBXFileReference; lastKnownFileType = text; path = CMakeLists.txt; sourceTree = "<group>"; };
		90079FA729D0D146002243D4 /* unity.h */ = {isa = PBXFileReference; fileEncoding = 4; lastKnownFileType = sourcecode.c.h; name = unity.h; path = external/Unity/src/unity.h; sourceTree = "<group>"; };
		90079FA829D0D146002243D4 /* unity.c */ = {isa = PBXFileReference; fileEncoding = 4; lastKnownFileType = sourcecode.c.c; name = unity.c; path = external/Unity/src/unity.c; sourceTree = "<group>"; };
		90079FA929D0D146002243D4 /* unity_internals.h */ = {isa = PBXFileReference; fileEncoding = 4; lastKnownFileType = sourcecode.c.h; name = unity_internals.h; path = external/Unity/src/unity_internals.h; sourceTree = "<group>"; };
		90079FB229D0D951002243D4 /* RFCodecTest */ = {isa = PBXFileReference; explicitFileType = "compiled.mach-o.executable"; includeInIndex = 0; path = RFCodecTest; sourceTree = BUILT_PRODUCTS_DIR; };
		90079FC429D310FF002243D4 /* bit_array.h */ = {isa = PBXFileReference; fileEncoding = 4; lastKnownFileType = sourcecode.c.h; name = bit_array.h; path = rf_codec/bit_array.h; sourceTree = "<group>"; };
		90079FC529D310FF002243D4 /* utils.c */ = {isa = PBXFileReference; fileEncoding = 4; lastKnownFileType = sourcecode.c.c; name = utils.c; path = rf_codec/utils.c; sourceTree = "<group>"; };
		90079FC629D310FF002243D4 /* hamming_codec.c */ = {isa = PBXFileReference; fileEncoding = 4; lastKnownFileType = sourcecode.c.c; name = hamming_codec.c; path = rf_codec/hamming_codec.c; sourceTree = "<group>"; };
		90079FC729D310FF002243D4 /* utils.h */ = {isa = PBXFileReference; fileEncoding = 4; lastKnownFileType = sourcecode.c.h; name = utils.h; path = rf_codec/utils.h; sourceTree = "<group>"; };
		90079FC829D310FF002243D4 /* bit_array.c */ = {isa = PBXFileReference; fileEncoding = 4; lastKnownFileType = sourcecode.c.c; name = bit_array.c; path = rf_codec/bit_array.c; sourceTree = "<group>"; };
		90079FC929D310FF002243D4 /* hamming_codec.h */ = {isa = PBXFileReference; fileEncoding = 4; lastKnownFileType = sourcecode.c.h; name = hamming_codec.h; path = rf_codec/hamming_codec.h; sourceTree = "<group>"; };
		90079FCA29D310FF002243D4 /* CMakeLists.txt */ = {isa = PBXFileReference; fileEncoding = 4; lastKnownFileType = text; name = CMakeLists.txt; path = rf_codec/CMakeLists.txt; sourceTree = "<group>"; };
		90079FCB29D310FF002243D4 /* main.c */ = {isa = PBXFileReference; fileEncoding = 4; lastKnownFileType = sourcecode.c.c; name = main.c; path = rf_codec/main.c; sourceTree = "<group>"; };
		90079FD029D314EB002243D4 /* ccitt_whitening.c */ = {isa = PBXFileReference; lastKnownFileType = sourcecode.c.c; name = ccitt_whitening.c; path = rf_codec/ccitt_whitening.c; sourceTree = "<group>"; };
		90079FD129D314EB002243D4 /* ccitt_whitening.h */ = {isa = PBXFileReference; lastKnownFileType = sourcecode.c.h; name = ccitt_whitening.h; path = rf_codec/ccitt_whitening.h; sourceTree = "<group>"; };
		90A8473229D0B4E400C88EDC /* RFCodec */ = {isa = PBXFileReference; explicitFileType = "compiled.mach-o.executable"; includeInIndex = 0; path = RFCodec; sourceTree = BUILT_PRODUCTS_DIR; };
		90A8475729D0BFD000C88EDC /* tests.c */ = {isa = PBXFileReference; fileEncoding = 4; lastKnownFileType = sourcecode.c.c; name = tests.c; path = test/tests.c; sourceTree = "<group>"; };
/* End PBXFileReference section */

/* Begin PBXFrameworksBuildPhase section */
		90079FAF29D0D951002243D4 /* Frameworks */ = {
			isa = PBXFrameworksBuildPhase;
			buildActionMask = 2147483647;
			files = (
			);
			runOnlyForDeploymentPostprocessing = 0;
		};
		90A8472F29D0B4E400C88EDC /* Frameworks */ = {
			isa = PBXFrameworksBuildPhase;
			buildActionMask = 2147483647;
			files = (
			);
			runOnlyForDeploymentPostprocessing = 0;
		};
/* End PBXFrameworksBuildPhase section */

/* Begin PBXGroup section */
		90A8472929D0B4E400C88EDC = {
			isa = PBXGroup;
			children = (
				90079FA029D0C734002243D4 /* CMakeLists.txt */,
				90079F9E29D0C734002243D4 /* LICENSE */,
				90079F9F29D0C734002243D4 /* README.md */,
				90A8475929D0BFDE00C88EDC /* external */,
				90A8475629D0BFA000C88EDC /* test */,
				90A8474829D0BB4D00C88EDC /* rf_codec */,
				90A8473329D0B4E400C88EDC /* Products */,
			);
			sourceTree = "<group>";
		};
		90A8473329D0B4E400C88EDC /* Products */ = {
			isa = PBXGroup;
			children = (
				90A8473229D0B4E400C88EDC /* RFCodec */,
				90079FB229D0D951002243D4 /* RFCodecTest */,
			);
			name = Products;
			sourceTree = "<group>";
		};
		90A8474829D0BB4D00C88EDC /* rf_codec */ = {
			isa = PBXGroup;
			children = (
				90079FC829D310FF002243D4 /* bit_array.c */,
				90079FC429D310FF002243D4 /* bit_array.h */,
				90079FCA29D310FF002243D4 /* CMakeLists.txt */,
				90079FC629D310FF002243D4 /* hamming_codec.c */,
				90079FC929D310FF002243D4 /* hamming_codec.h */,
				90079FCB29D310FF002243D4 /* main.c */,
				90079FC529D310FF002243D4 /* utils.c */,
				90079FC729D310FF002243D4 /* utils.h */,
				90079FD029D314EB002243D4 /* ccitt_whitening.c */,
				90079FD129D314EB002243D4 /* ccitt_whitening.h */,
			);
			name = rf_codec;
			sourceTree = "<group>";
		};
		90A8475629D0BFA000C88EDC /* test */ = {
			isa = PBXGroup;
			children = (
				90079F9D29D0C6E1002243D4 /* CMakeLists.txt */,
				90A8475729D0BFD000C88EDC /* tests.c */,
			);
			name = test;
			sourceTree = "<group>";
		};
		90A8475929D0BFDE00C88EDC /* external */ = {
			isa = PBXGroup;
			children = (
				90079FA929D0D146002243D4 /* unity_internals.h */,
				90079FA829D0D146002243D4 /* unity.c */,
				90079FA729D0D146002243D4 /* unity.h */,
			);
			name = external;
			sourceTree = "<group>";
		};
/* End PBXGroup section */

/* Begin PBXNativeTarget section */
		90079FB129D0D951002243D4 /* RFCodecTest */ = {
			isa = PBXNativeTarget;
			buildConfigurationList = 90079FB829D0D951002243D4 /* Build configuration list for PBXNativeTarget "RFCodecTest" */;
			buildPhases = (
				90079FC329D0DFEA002243D4 /* Make and Compile */,
				90079FAE29D0D951002243D4 /* Sources */,
				90079FAF29D0D951002243D4 /* Frameworks */,
				90079FB029D0D951002243D4 /* CopyFiles */,
			);
			buildRules = (
			);
			dependencies = (
			);
			name = RFCodecTest;
			productName = HammingCodesTest1;
			productReference = 90079FB229D0D951002243D4 /* RFCodecTest */;
			productType = "com.apple.product-type.tool";
		};
		90A8473129D0B4E400C88EDC /* RFCodec */ = {
			isa = PBXNativeTarget;
			buildConfigurationList = 90A8473929D0B4E400C88EDC /* Build configuration list for PBXNativeTarget "RFCodec" */;
			buildPhases = (
				90A8472E29D0B4E400C88EDC /* Sources */,
				90A8472F29D0B4E400C88EDC /* Frameworks */,
				90A8473029D0B4E400C88EDC /* CopyFiles */,
			);
			buildRules = (
			);
			dependencies = (
			);
			name = RFCodec;
			productName = HammingCodec;
			productReference = 90A8473229D0B4E400C88EDC /* RFCodec */;
			productType = "com.apple.product-type.tool";
		};
/* End PBXNativeTarget section */

/* Begin PBXProject section */
		90A8472A29D0B4E400C88EDC /* Project object */ = {
			isa = PBXProject;
			attributes = {
				LastUpgradeCheck = 1010;
				ORGANIZATIONNAME = "Sensory Ninja";
				TargetAttributes = {
					90079FB129D0D951002243D4 = {
						CreatedOnToolsVersion = 10.1;
					};
					90A8473129D0B4E400C88EDC = {
						CreatedOnToolsVersion = 10.1;
					};
				};
			};
			buildConfigurationList = 90A8472D29D0B4E400C88EDC /* Build configuration list for PBXProject "RFCodec" */;
			compatibilityVersion = "Xcode 9.3";
			developmentRegion = en;
			hasScannedForEncodings = 0;
			knownRegions = (
				en,
			);
			mainGroup = 90A8472929D0B4E400C88EDC;
			productRefGroup = 90A8473329D0B4E400C88EDC /* Products */;
			projectDirPath = "";
			projectRoot = "";
			targets = (
				90A8473129D0B4E400C88EDC /* RFCodec */,
				90079FB129D0D951002243D4 /* RFCodecTest */,
			);
		};
/* End PBXProject section */

/* Begin PBXShellScriptBuildPhase section */
		90079FC329D0DFEA002243D4 /* Make and Compile */ = {
			isa = PBXShellScriptBuildPhase;
			buildActionMask = 2147483647;
			files = (
			);
			inputFileListPaths = (
			);
			inputPaths = (
			);
			name = "Make and Compile";
			outputFileListPaths = (
			);
			outputPaths = (
			);
			runOnlyForDeploymentPostprocessing = 0;
			shellPath = /bin/sh;
			shellScript = "# Type a script or drag a script file from your workspace to insert its path.\nmkdir build\ncd build\ncmake -DTARGET_GROUP=test ..\nmake\n";
		};
/* End PBXShellScriptBuildPhase section */

/* Begin PBXSourcesBuildPhase section */
		90079FAE29D0D951002243D4 /* Sources */ = {
			isa = PBXSourcesBuildPhase;
			buildActionMask = 2147483647;
			files = (
			);
			runOnlyForDeploymentPostprocessing = 0;
		};
		90A8472E29D0B4E400C88EDC /* Sources */ = {
			isa = PBXSourcesBuildPhase;
			buildActionMask = 2147483647;
			files = (
				90079FCF29D310FF002243D4 /* main.c in Sources */,
				90079FCD29D310FF002243D4 /* hamming_codec.c in Sources */,
				90079FCE29D310FF002243D4 /* bit_array.c in Sources */,
				90079FD229D314EB002243D4 /* ccitt_whitening.c in Sources */,
				90079FCC29D310FF002243D4 /* utils.c in Sources */,
			);
			runOnlyForDeploymentPostprocessing = 0;
		};
/* End PBXSourcesBuildPhase section */

/* Begin XCBuildConfiguration section */
		90079FB629D0D951002243D4 /* Debug */ = {
			isa = XCBuildConfiguration;
			buildSettings = {
				CODE_SIGN_STYLE = Automatic;
				PRODUCT_NAME = "$(TARGET_NAME)";
			};
			name = Debug;
		};
		90079FB729D0D951002243D4 /* Release */ = {
			isa = XCBuildConfiguration;
			buildSettings = {
				CODE_SIGN_STYLE = Automatic;
				PRODUCT_NAME = "$(TARGET_NAME)";
			};
			name = Release;
		};
		90A8473729D0B4E400C88EDC /* Debug */ = {
			isa = XCBuildConfiguration;
			buildSettings = {
				ALWAYS_SEARCH_USER_PATHS = NO;
				CLANG_ANALYZER_NONNULL = YES;
				CLANG_ANALYZER_NUMBER_OBJECT_CONVERSION = YES_AGGRESSIVE;
				CLANG_CXX_LANGUAGE_STANDARD = "gnu++14";
				CLANG_CXX_LIBRARY = "libc++";
				CLANG_ENABLE_MODULES = YES;
				CLANG_ENABLE_OBJC_ARC = YES;
				CLANG_ENABLE_OBJC_WEAK = YES;
				CLANG_WARN_BLOCK_CAPTURE_AUTORELEASING = YES;
				CLANG_WARN_BOOL_CONVERSION = YES;
				CLANG_WARN_COMMA = YES;
				CLANG_WARN_CONSTANT_CONVERSION = YES;
				CLANG_WARN_DEPRECATED_OBJC_IMPLEMENTATIONS = YES;
				CLANG_WARN_DIRECT_OBJC_ISA_USAGE = YES_ERROR;
				CLANG_WARN_DOCUMENTATION_COMMENTS = YES;
				CLANG_WARN_EMPTY_BODY = YES;
				CLANG_WARN_ENUM_CONVERSION = YES;
				CLANG_WARN_INFINITE_RECURSION = YES;
				CLANG_WARN_INT_CONVERSION = YES;
				CLANG_WARN_NON_LITERAL_NULL_CONVERSION = YES;
				CLANG_WARN_OBJC_IMPLICIT_RETAIN_SELF = YES;
				CLANG_WARN_OBJC_LITERAL_CONVERSION = YES;
				CLANG_WARN_OBJC_ROOT_CLASS = YES_ERROR;
				CLANG_WARN_RANGE_LOOP_ANALYSIS = YES;
				CLANG_WARN_STRICT_PROTOTYPES = YES;
				CLANG_WARN_SUSPICIOUS_MOVE = YES;
				CLANG_WARN_UNGUARDED_AVAILABILITY = YES_AGGRESSIVE;
				CLANG_WARN_UNREACHABLE_CODE = YES;
				CLANG_WARN__DUPLICATE_METHOD_MATCH = YES;
				CODE_SIGN_IDENTITY = "-";
				COPY_PHASE_STRIP = NO;
				DEBUG_INFORMATION_FORMAT = dwarf;
				ENABLE_STRICT_OBJC_MSGSEND = YES;
				ENABLE_TESTABILITY = YES;
				GCC_C_LANGUAGE_STANDARD = gnu11;
				GCC_DYNAMIC_NO_PIC = NO;
				GCC_NO_COMMON_BLOCKS = YES;
				GCC_OPTIMIZATION_LEVEL = 0;
				GCC_PREPROCESSOR_DEFINITIONS = (
					"DEBUG=1",
					"$(inherited)",
				);
				GCC_WARN_64_TO_32_BIT_CONVERSION = YES;
				GCC_WARN_ABOUT_RETURN_TYPE = YES_ERROR;
				GCC_WARN_UNDECLARED_SELECTOR = YES;
				GCC_WARN_UNINITIALIZED_AUTOS = YES_AGGRESSIVE;
				GCC_WARN_UNUSED_FUNCTION = YES;
				GCC_WARN_UNUSED_VARIABLE = YES;
				MACOSX_DEPLOYMENT_TARGET = 10.13;
				MTL_ENABLE_DEBUG_INFO = INCLUDE_SOURCE;
				MTL_FAST_MATH = YES;
				ONLY_ACTIVE_ARCH = YES;
				SDKROOT = macosx;
				VALID_ARCHS = "i386 x86_64";
			};
			name = Debug;
		};
		90A8473829D0B4E400C88EDC /* Release */ = {
			isa = XCBuildConfiguration;
			buildSettings = {
				ALWAYS_SEARCH_USER_PATHS = NO;
				CLANG_ANALYZER_NONNULL = YES;
				CLANG_ANALYZER_NUMBER_OBJECT_CONVERSION = YES_AGGRESSIVE;
				CLANG_CXX_LANGUAGE_STANDARD = "gnu++14";
				CLANG_CXX_LIBRARY = "libc++";
				CLANG_ENABLE_MODULES = YES;
				CLANG_ENABLE_OBJC_ARC = YES;
				CLANG_ENABLE_OBJC_WEAK = YES;
				CLANG_WARN_BLOCK_CAPTURE_AUTORELEASING = YES;
				CLANG_WARN_BOOL_CONVERSION = YES;
				CLANG_WARN_COMMA = YES;
				CLANG_WARN_CONSTANT_CONVERSION = YES;
				CLANG_WARN_DEPRECATED_OBJC_IMPLEMENTATIONS = YES;
				CLANG_WARN_DIRECT_OBJC_ISA_USAGE = YES_ERROR;
				CLANG_WARN_DOCUMENTATION_COMMENTS = YES;
				CLANG_WARN_EMPTY_BODY = YES;
				CLANG_WARN_ENUM_CONVERSION = YES;
				CLANG_WARN_INFINITE_RECURSION = YES;
				CLANG_WARN_INT_CONVERSION = YES;
				CLANG_WARN_NON_LITERAL_NULL_CONVERSION = YES;
				CLANG_WARN_OBJC_IMPLICIT_RETAIN_SELF = YES;
				CLANG_WARN_OBJC_LITERAL_CONVERSION = YES;
				CLANG_WARN_OBJC_ROOT_CLASS = YES_ERROR;
				CLANG_WARN_RANGE_LOOP_ANALYSIS = YES;
				CLANG_WARN_STRICT_PROTOTYPES = YES;
				CLANG_WARN_SUSPICIOUS_MOVE = YES;
				CLANG_WARN_UNGUARDED_AVAILABILITY = YES_AGGRESSIVE;
				CLANG_WARN_UNREACHABLE_CODE = YES;
				CLANG_WARN__DUPLICATE_METHOD_MATCH = YES;
				CODE_SIGN_IDENTITY = "-";
				COPY_PHASE_STRIP = NO;
				DEBUG_INFORMATION_FORMAT = "dwarf-with-dsym";
				ENABLE_NS_ASSERTIONS = NO;
				ENABLE_STRICT_OBJC_MSGSEND = YES;
				GCC_C_LANGUAGE_STANDARD = gnu11;
				GCC_NO_COMMON_BLOCKS = YES;
				GCC_WARN_64_TO_32_BIT_CONVERSION = YES;
				GCC_WARN_ABOUT_RETURN_TYPE = YES_ERROR;
				GCC_WARN_UNDECLARED_SELECTOR = YES;
				GCC_WARN_UNINITIALIZED_AUTOS = YES_AGGRESSIVE;
				GCC_WARN_UNUSED_FUNCTION = YES;
				GCC_WARN_UNUSED_VARIABLE = YES;
				MACOSX_DEPLOYMENT_TARGET = 10.13;
				MTL_ENABLE_DEBUG_INFO = NO;
				MTL_FAST_MATH = YES;
				SDKROOT = macosx;
				VALID_ARCHS = "i386 x86_64";
			};
			name = Release;
		};
		90A8473A29D0B4E400C88EDC /* Debug */ = {
			isa = XCBuildConfiguration;
			buildSettings = {
				CODE_SIGN_STYLE = Automatic;
				PRODUCT_NAME = "$(TARGET_NAME)";
			};
			name = Debug;
		};
		90A8473B29D0B4E400C88EDC /* Release */ = {
			isa = XCBuildConfiguration;
			buildSettings = {
				CODE_SIGN_STYLE = Automatic;
				PRODUCT_NAME = "$(TARGET_NAME)";
			};
			name = Release;
		};
/* End XCBuildConfiguration section */

/* Begin XCConfigurationList section */
		90079FB829D0D951002243D4 /* Build configuration list for PBXNativeTarget "RFCodecTest" */ = {
			isa = XCConfigurationList;
			buildConfigurations = (
				90079FB629D0D951002243D4 /* Debug */,
				90079FB729D0D951002243D4 /* Release */,
			);
			defaultConfigurationIsVisible = 0;
			defaultConfigurationName = Release;
		};
		90A8472D29D0B4E400C88EDC /* Build configuration list for PBXProject "RFCodec" */ = {
			isa = XCConfigurationList;
			buildConfigurations = (
				90A8473729D0B4E400C88EDC /* Debug */,
				90A8473829D0B4E400C88EDC /* Release */,
			);
			defaultConfigurationIsVisible = 0;
			defaultConfigurationName = Release;
		};
		90A8473929D0B4E400C88EDC /* Build configuration list for PBXNativeTarget "RFCodec" */ = {
			isa = XCConfigurationList;
			buildConfigurations = (
				90A8473A29D0B4E400C88EDC /* Debug */,
				90A8473B29D0B4E400C88EDC /* Release */,
			);
			defaultConfigurationIsVisible = 0;
			defaultConfigurationName = Release;
		};
/* End XCConfigurationList section */
	};
	rootObject = 90A8472A29D0B4E400C88EDC /* Project object */;
}
